// !$*UTF8*$!
{
	archiveVersion = 1;
	classes = {
	};
	objectVersion = 51;
	objects = {

/* Begin PBXBuildFile section */
		200A097F26F660CB00D2F60B /* CurrentWeatherStrust.swift in Sources */ = {isa = PBXBuildFile; fileRef = 200A097E26F660CB00D2F60B /* CurrentWeatherStrust.swift */; };
		200A098126F6612300D2F60B /* ForecastWeatherStruct.swift in Sources */ = {isa = PBXBuildFile; fileRef = 200A098026F6612300D2F60B /* ForecastWeatherStruct.swift */; };
		200A098326F6620700D2F60B /* CurrentWeatherObj.swift in Sources */ = {isa = PBXBuildFile; fileRef = 200A098226F6620700D2F60B /* CurrentWeatherObj.swift */; };
		200A098526F6623000D2F60B /* ForecastWeatherObj.swift in Sources */ = {isa = PBXBuildFile; fileRef = 200A098426F6623000D2F60B /* ForecastWeatherObj.swift */; };
		200A098726F6628E00D2F60B /* RemoveWeatherFuncs.swift in Sources */ = {isa = PBXBuildFile; fileRef = 200A098626F6628E00D2F60B /* RemoveWeatherFuncs.swift */; };
		200A098926F6641900D2F60B /* ReturnInfoModels.swift in Sources */ = {isa = PBXBuildFile; fileRef = 200A098826F6641900D2F60B /* ReturnInfoModels.swift */; };
		200A099026F667CE00D2F60B /* ChangeURLs.swift in Sources */ = {isa = PBXBuildFile; fileRef = 200A098F26F667CE00D2F60B /* ChangeURLs.swift */; };
		200A09A226F71DD200D2F60B /* LoadEmptyInfo.swift in Sources */ = {isa = PBXBuildFile; fileRef = 200A09A126F71DD200D2F60B /* LoadEmptyInfo.swift */; };
		2047B0D426C6B4EF003B7E64 /* AppDelegate.swift in Sources */ = {isa = PBXBuildFile; fileRef = 2047B0D326C6B4EF003B7E64 /* AppDelegate.swift */; };
		2047B0D626C6B4EF003B7E64 /* SceneDelegate.swift in Sources */ = {isa = PBXBuildFile; fileRef = 2047B0D526C6B4EF003B7E64 /* SceneDelegate.swift */; };
		2047B0D826C6B4EF003B7E64 /* ViewController.swift in Sources */ = {isa = PBXBuildFile; fileRef = 2047B0D726C6B4EF003B7E64 /* ViewController.swift */; };
		2047B0DB26C6B4EF003B7E64 /* Main.storyboard in Resources */ = {isa = PBXBuildFile; fileRef = 2047B0D926C6B4EF003B7E64 /* Main.storyboard */; };
		2047B0DD26C6B4F0003B7E64 /* Assets.xcassets in Resources */ = {isa = PBXBuildFile; fileRef = 2047B0DC26C6B4F0003B7E64 /* Assets.xcassets */; };
		2047B0E026C6B4F0003B7E64 /* LaunchScreen.storyboard in Resources */ = {isa = PBXBuildFile; fileRef = 2047B0DE26C6B4F0003B7E64 /* LaunchScreen.storyboard */; };
		2047B0EB26C6B4F1003B7E64 /* HW_9__Caching_with_Realm_Tests.swift in Sources */ = {isa = PBXBuildFile; fileRef = 2047B0EA26C6B4F1003B7E64 /* HW_9__Caching_with_Realm_Tests.swift */; };
		2047B0F626C6B4F1003B7E64 /* HW_9__Caching_with_Realm_UITests.swift in Sources */ = {isa = PBXBuildFile; fileRef = 2047B0F526C6B4F1003B7E64 /* HW_9__Caching_with_Realm_UITests.swift */; };
		2047B10526C6B616003B7E64 /* Alerts.swift in Sources */ = {isa = PBXBuildFile; fileRef = 2047B10426C6B616003B7E64 /* Alerts.swift */; };
		2047B10726C6B634003B7E64 /* URLs.swift in Sources */ = {isa = PBXBuildFile; fileRef = 2047B10626C6B634003B7E64 /* URLs.swift */; };
		2047B10926C6B655003B7E64 /* LoadingStruct.swift in Sources */ = {isa = PBXBuildFile; fileRef = 2047B10826C6B655003B7E64 /* LoadingStruct.swift */; };
		2047B10B26C6B678003B7E64 /* CurrentLoader.swift in Sources */ = {isa = PBXBuildFile; fileRef = 2047B10A26C6B678003B7E64 /* CurrentLoader.swift */; };
		2047B10D26C6B692003B7E64 /* ForecastLoader.swift in Sources */ = {isa = PBXBuildFile; fileRef = 2047B10C26C6B692003B7E64 /* ForecastLoader.swift */; };
		2047B10F26C6B6C4003B7E64 /* ViewModel.swift in Sources */ = {isa = PBXBuildFile; fileRef = 2047B10E26C6B6C4003B7E64 /* ViewModel.swift */; };
		2047B11126C6B6EF003B7E64 /* WeatherAlamofireTableViewCell.swift in Sources */ = {isa = PBXBuildFile; fileRef = 2047B11026C6B6EF003B7E64 /* WeatherAlamofireTableViewCell.swift */; };
		2047B11326C6B71B003B7E64 /* WeatherCollectionViewCellAlam.swift in Sources */ = {isa = PBXBuildFile; fileRef = 2047B11226C6B71B003B7E64 /* WeatherCollectionViewCellAlam.swift */; };
		2047B11526C6B93F003B7E64 /* SaveRealmWeather.swift in Sources */ = {isa = PBXBuildFile; fileRef = 2047B11426C6B93F003B7E64 /* SaveRealmWeather.swift */; };
		4AAE6A90DF793B9F9FC9362A /* Pods_HW_9__Caching_with_Realm_.framework in Frameworks */ = {isa = PBXBuildFile; fileRef = 5A9E5ECB8D6A6A872782223C /* Pods_HW_9__Caching_with_Realm_.framework */; };
/* End PBXBuildFile section */

/* Begin PBXContainerItemProxy section */
		2047B0E726C6B4F1003B7E64 /* PBXContainerItemProxy */ = {
			isa = PBXContainerItemProxy;
			containerPortal = 2047B0C826C6B4EE003B7E64 /* Project object */;
			proxyType = 1;
			remoteGlobalIDString = 2047B0CF26C6B4EF003B7E64;
			remoteInfo = "HW_9 (Caching with Realm)";
		};
		2047B0F226C6B4F1003B7E64 /* PBXContainerItemProxy */ = {
			isa = PBXContainerItemProxy;
			containerPortal = 2047B0C826C6B4EE003B7E64 /* Project object */;
			proxyType = 1;
			remoteGlobalIDString = 2047B0CF26C6B4EF003B7E64;
			remoteInfo = "HW_9 (Caching with Realm)";
		};
/* End PBXContainerItemProxy section */

/* Begin PBXFileReference section */
		200A097E26F660CB00D2F60B /* CurrentWeatherStrust.swift */ = {isa = PBXFileReference; lastKnownFileType = sourcecode.swift; path = CurrentWeatherStrust.swift; sourceTree = "<group>"; };
		200A098026F6612300D2F60B /* ForecastWeatherStruct.swift */ = {isa = PBXFileReference; lastKnownFileType = sourcecode.swift; path = ForecastWeatherStruct.swift; sourceTree = "<group>"; };
		200A098226F6620700D2F60B /* CurrentWeatherObj.swift */ = {isa = PBXFileReference; lastKnownFileType = sourcecode.swift; path = CurrentWeatherObj.swift; sourceTree = "<group>"; };
		200A098426F6623000D2F60B /* ForecastWeatherObj.swift */ = {isa = PBXFileReference; lastKnownFileType = sourcecode.swift; path = ForecastWeatherObj.swift; sourceTree = "<group>"; };
		200A098626F6628E00D2F60B /* RemoveWeatherFuncs.swift */ = {isa = PBXFileReference; lastKnownFileType = sourcecode.swift; path = RemoveWeatherFuncs.swift; sourceTree = "<group>"; };
		200A098826F6641900D2F60B /* ReturnInfoModels.swift */ = {isa = PBXFileReference; lastKnownFileType = sourcecode.swift; path = ReturnInfoModels.swift; sourceTree = "<group>"; };
		200A098F26F667CE00D2F60B /* ChangeURLs.swift */ = {isa = PBXFileReference; lastKnownFileType = sourcecode.swift; path = ChangeURLs.swift; sourceTree = "<group>"; };
		200A09A126F71DD200D2F60B /* LoadEmptyInfo.swift */ = {isa = PBXFileReference; lastKnownFileType = sourcecode.swift; path = LoadEmptyInfo.swift; sourceTree = "<group>"; };
		2047B0D026C6B4EF003B7E64 /* HW_9 (Caching with Realm).app */ = {isa = PBXFileReference; explicitFileType = wrapper.application; includeInIndex = 0; path = "HW_9 (Caching with Realm).app"; sourceTree = BUILT_PRODUCTS_DIR; };
		2047B0D326C6B4EF003B7E64 /* AppDelegate.swift */ = {isa = PBXFileReference; lastKnownFileType = sourcecode.swift; path = AppDelegate.swift; sourceTree = "<group>"; };
		2047B0D526C6B4EF003B7E64 /* SceneDelegate.swift */ = {isa = PBXFileReference; lastKnownFileType = sourcecode.swift; path = SceneDelegate.swift; sourceTree = "<group>"; };
		2047B0D726C6B4EF003B7E64 /* ViewController.swift */ = {isa = PBXFileReference; lastKnownFileType = sourcecode.swift; path = ViewController.swift; sourceTree = "<group>"; };
		2047B0DA26C6B4EF003B7E64 /* Base */ = {isa = PBXFileReference; lastKnownFileType = file.storyboard; name = Base; path = Base.lproj/Main.storyboard; sourceTree = "<group>"; };
		2047B0DC26C6B4F0003B7E64 /* Assets.xcassets */ = {isa = PBXFileReference; lastKnownFileType = folder.assetcatalog; path = Assets.xcassets; sourceTree = "<group>"; };
		2047B0DF26C6B4F0003B7E64 /* Base */ = {isa = PBXFileReference; lastKnownFileType = file.storyboard; name = Base; path = Base.lproj/LaunchScreen.storyboard; sourceTree = "<group>"; };
		2047B0E126C6B4F0003B7E64 /* Info.plist */ = {isa = PBXFileReference; lastKnownFileType = text.plist.xml; path = Info.plist; sourceTree = "<group>"; };
		2047B0E626C6B4F1003B7E64 /* HW_9 (Caching with Realm)Tests.xctest */ = {isa = PBXFileReference; explicitFileType = wrapper.cfbundle; includeInIndex = 0; path = "HW_9 (Caching with Realm)Tests.xctest"; sourceTree = BUILT_PRODUCTS_DIR; };
		2047B0EA26C6B4F1003B7E64 /* HW_9__Caching_with_Realm_Tests.swift */ = {isa = PBXFileReference; lastKnownFileType = sourcecode.swift; path = HW_9__Caching_with_Realm_Tests.swift; sourceTree = "<group>"; };
		2047B0EC26C6B4F1003B7E64 /* Info.plist */ = {isa = PBXFileReference; lastKnownFileType = text.plist.xml; path = Info.plist; sourceTree = "<group>"; };
		2047B0F126C6B4F1003B7E64 /* HW_9 (Caching with Realm)UITests.xctest */ = {isa = PBXFileReference; explicitFileType = wrapper.cfbundle; includeInIndex = 0; path = "HW_9 (Caching with Realm)UITests.xctest"; sourceTree = BUILT_PRODUCTS_DIR; };
		2047B0F526C6B4F1003B7E64 /* HW_9__Caching_with_Realm_UITests.swift */ = {isa = PBXFileReference; lastKnownFileType = sourcecode.swift; path = HW_9__Caching_with_Realm_UITests.swift; sourceTree = "<group>"; };
		2047B0F726C6B4F1003B7E64 /* Info.plist */ = {isa = PBXFileReference; lastKnownFileType = text.plist.xml; path = Info.plist; sourceTree = "<group>"; };
		2047B10426C6B616003B7E64 /* Alerts.swift */ = {isa = PBXFileReference; lastKnownFileType = sourcecode.swift; path = Alerts.swift; sourceTree = "<group>"; };
		2047B10626C6B634003B7E64 /* URLs.swift */ = {isa = PBXFileReference; lastKnownFileType = sourcecode.swift; path = URLs.swift; sourceTree = "<group>"; };
		2047B10826C6B655003B7E64 /* LoadingStruct.swift */ = {isa = PBXFileReference; lastKnownFileType = sourcecode.swift; path = LoadingStruct.swift; sourceTree = "<group>"; };
		2047B10A26C6B678003B7E64 /* CurrentLoader.swift */ = {isa = PBXFileReference; lastKnownFileType = sourcecode.swift; path = CurrentLoader.swift; sourceTree = "<group>"; };
		2047B10C26C6B692003B7E64 /* ForecastLoader.swift */ = {isa = PBXFileReference; lastKnownFileType = sourcecode.swift; path = ForecastLoader.swift; sourceTree = "<group>"; };
		2047B10E26C6B6C4003B7E64 /* ViewModel.swift */ = {isa = PBXFileReference; lastKnownFileType = sourcecode.swift; path = ViewModel.swift; sourceTree = "<group>"; };
		2047B11026C6B6EF003B7E64 /* WeatherAlamofireTableViewCell.swift */ = {isa = PBXFileReference; lastKnownFileType = sourcecode.swift; path = WeatherAlamofireTableViewCell.swift; sourceTree = "<group>"; };
		2047B11226C6B71B003B7E64 /* WeatherCollectionViewCellAlam.swift */ = {isa = PBXFileReference; lastKnownFileType = sourcecode.swift; path = WeatherCollectionViewCellAlam.swift; sourceTree = "<group>"; };
		2047B11426C6B93F003B7E64 /* SaveRealmWeather.swift */ = {isa = PBXFileReference; lastKnownFileType = sourcecode.swift; path = SaveRealmWeather.swift; sourceTree = "<group>"; };
		5A9E5ECB8D6A6A872782223C /* Pods_HW_9__Caching_with_Realm_.framework */ = {isa = PBXFileReference; explicitFileType = wrapper.framework; includeInIndex = 0; path = Pods_HW_9__Caching_with_Realm_.framework; sourceTree = BUILT_PRODUCTS_DIR; };
		DE37890C5E113748B869AF02 /* Pods-HW_9 (Caching with Realm).debug.xcconfig */ = {isa = PBXFileReference; includeInIndex = 1; lastKnownFileType = text.xcconfig; name = "Pods-HW_9 (Caching with Realm).debug.xcconfig"; path = "Target Support Files/Pods-HW_9 (Caching with Realm)/Pods-HW_9 (Caching with Realm).debug.xcconfig"; sourceTree = "<group>"; };
		E325160C01692D4969180AF4 /* Pods-HW_9 (Caching with Realm).release.xcconfig */ = {isa = PBXFileReference; includeInIndex = 1; lastKnownFileType = text.xcconfig; name = "Pods-HW_9 (Caching with Realm).release.xcconfig"; path = "Target Support Files/Pods-HW_9 (Caching with Realm)/Pods-HW_9 (Caching with Realm).release.xcconfig"; sourceTree = "<group>"; };
/* End PBXFileReference section */

/* Begin PBXFrameworksBuildPhase section */
		2047B0CD26C6B4EF003B7E64 /* Frameworks */ = {
			isa = PBXFrameworksBuildPhase;
			buildActionMask = 2147483647;
			files = (
				4AAE6A90DF793B9F9FC9362A /* Pods_HW_9__Caching_with_Realm_.framework in Frameworks */,
			);
			runOnlyForDeploymentPostprocessing = 0;
		};
		2047B0E326C6B4F1003B7E64 /* Frameworks */ = {
			isa = PBXFrameworksBuildPhase;
			buildActionMask = 2147483647;
			files = (
			);
			runOnlyForDeploymentPostprocessing = 0;
		};
		2047B0EE26C6B4F1003B7E64 /* Frameworks */ = {
			isa = PBXFrameworksBuildPhase;
			buildActionMask = 2147483647;
			files = (
			);
			runOnlyForDeploymentPostprocessing = 0;
		};
/* End PBXFrameworksBuildPhase section */

/* Begin PBXGroup section */
		200A097A26F65FFD00D2F60B /* VC */ = {
			isa = PBXGroup;
			children = (
				2047B0D926C6B4EF003B7E64 /* Main.storyboard */,
				2047B10426C6B616003B7E64 /* Alerts.swift */,
				2047B0D726C6B4EF003B7E64 /* ViewController.swift */,
				2047B10E26C6B6C4003B7E64 /* ViewModel.swift */,
				200A097D26F6606F00D2F60B /* Collections */,
				200A09A126F71DD200D2F60B /* LoadEmptyInfo.swift */,
			);
			path = VC;
			sourceTree = "<group>";
		};
		200A097B26F6601C00D2F60B /* SavingInfo_Realm */ = {
			isa = PBXGroup;
			children = (
				200A099326F668DF00D2F60B /* Objects */,
				2047B11426C6B93F003B7E64 /* SaveRealmWeather.swift */,
				200A098626F6628E00D2F60B /* RemoveWeatherFuncs.swift */,
				200A098826F6641900D2F60B /* ReturnInfoModels.swift */,
			);
			path = SavingInfo_Realm;
			sourceTree = "<group>";
		};
		200A097C26F6603600D2F60B /* ForLoading */ = {
			isa = PBXGroup;
			children = (
				200A098E26F667B300D2F60B /* URLs */,
				200A099226F6682D00D2F60B /* Loaders */,
				200A099126F6681800D2F60B /* Structs */,
			);
			path = ForLoading;
			sourceTree = "<group>";
		};
		200A097D26F6606F00D2F60B /* Collections */ = {
			isa = PBXGroup;
			children = (
				2047B11226C6B71B003B7E64 /* WeatherCollectionViewCellAlam.swift */,
				2047B11026C6B6EF003B7E64 /* WeatherAlamofireTableViewCell.swift */,
			);
			path = Collections;
			sourceTree = "<group>";
		};
		200A098E26F667B300D2F60B /* URLs */ = {
			isa = PBXGroup;
			children = (
				2047B10626C6B634003B7E64 /* URLs.swift */,
				200A098F26F667CE00D2F60B /* ChangeURLs.swift */,
			);
			path = URLs;
			sourceTree = "<group>";
		};
		200A099126F6681800D2F60B /* Structs */ = {
			isa = PBXGroup;
			children = (
				2047B10826C6B655003B7E64 /* LoadingStruct.swift */,
				200A098026F6612300D2F60B /* ForecastWeatherStruct.swift */,
				200A097E26F660CB00D2F60B /* CurrentWeatherStrust.swift */,
			);
			path = Structs;
			sourceTree = "<group>";
		};
		200A099226F6682D00D2F60B /* Loaders */ = {
			isa = PBXGroup;
			children = (
				2047B10C26C6B692003B7E64 /* ForecastLoader.swift */,
				2047B10A26C6B678003B7E64 /* CurrentLoader.swift */,
			);
			path = Loaders;
			sourceTree = "<group>";
		};
		200A099326F668DF00D2F60B /* Objects */ = {
			isa = PBXGroup;
			children = (
				200A098426F6623000D2F60B /* ForecastWeatherObj.swift */,
				200A098226F6620700D2F60B /* CurrentWeatherObj.swift */,
			);
			path = Objects;
			sourceTree = "<group>";
		};
		2047B0C726C6B4EE003B7E64 = {
			isa = PBXGroup;
			children = (
				2047B0D226C6B4EF003B7E64 /* HW_9 (Caching with Realm) */,
				2047B0E926C6B4F1003B7E64 /* HW_9 (Caching with Realm)Tests */,
				2047B0F426C6B4F1003B7E64 /* HW_9 (Caching with Realm)UITests */,
				2047B0D126C6B4EF003B7E64 /* Products */,
				8502A8CF59D768A147E0949D /* Pods */,
				FDCE3F9F245DA821B47D3829 /* Frameworks */,
			);
			sourceTree = "<group>";
		};
		2047B0D126C6B4EF003B7E64 /* Products */ = {
			isa = PBXGroup;
			children = (
				2047B0D026C6B4EF003B7E64 /* HW_9 (Caching with Realm).app */,
				2047B0E626C6B4F1003B7E64 /* HW_9 (Caching with Realm)Tests.xctest */,
				2047B0F126C6B4F1003B7E64 /* HW_9 (Caching with Realm)UITests.xctest */,
			);
			name = Products;
			sourceTree = "<group>";
		};
		2047B0D226C6B4EF003B7E64 /* HW_9 (Caching with Realm) */ = {
			isa = PBXGroup;
			children = (
				2047B0E126C6B4F0003B7E64 /* Info.plist */,
				200A097A26F65FFD00D2F60B /* VC */,
				200A097B26F6601C00D2F60B /* SavingInfo_Realm */,
				200A097C26F6603600D2F60B /* ForLoading */,
				2047B10326C6B5EB003B7E64 /* Other */,
			);
			path = "HW_9 (Caching with Realm)";
			sourceTree = "<group>";
		};
		2047B0E926C6B4F1003B7E64 /* HW_9 (Caching with Realm)Tests */ = {
			isa = PBXGroup;
			children = (
				2047B0EA26C6B4F1003B7E64 /* HW_9__Caching_with_Realm_Tests.swift */,
				2047B0EC26C6B4F1003B7E64 /* Info.plist */,
			);
			path = "HW_9 (Caching with Realm)Tests";
			sourceTree = "<group>";
		};
		2047B0F426C6B4F1003B7E64 /* HW_9 (Caching with Realm)UITests */ = {
			isa = PBXGroup;
			children = (
				2047B0F526C6B4F1003B7E64 /* HW_9__Caching_with_Realm_UITests.swift */,
				2047B0F726C6B4F1003B7E64 /* Info.plist */,
			);
			path = "HW_9 (Caching with Realm)UITests";
			sourceTree = "<group>";
		};
		2047B10326C6B5EB003B7E64 /* Other */ = {
			isa = PBXGroup;
			children = (
				2047B0D326C6B4EF003B7E64 /* AppDelegate.swift */,
				2047B0D526C6B4EF003B7E64 /* SceneDelegate.swift */,
				2047B0DC26C6B4F0003B7E64 /* Assets.xcassets */,
				2047B0DE26C6B4F0003B7E64 /* LaunchScreen.storyboard */,
			);
			path = Other;
			sourceTree = "<group>";
		};
		8502A8CF59D768A147E0949D /* Pods */ = {
			isa = PBXGroup;
			children = (
				DE37890C5E113748B869AF02 /* Pods-HW_9 (Caching with Realm).debug.xcconfig */,
				E325160C01692D4969180AF4 /* Pods-HW_9 (Caching with Realm).release.xcconfig */,
			);
			path = Pods;
			sourceTree = "<group>";
		};
		FDCE3F9F245DA821B47D3829 /* Frameworks */ = {
			isa = PBXGroup;
			children = (
				5A9E5ECB8D6A6A872782223C /* Pods_HW_9__Caching_with_Realm_.framework */,
			);
			name = Frameworks;
			sourceTree = "<group>";
		};
/* End PBXGroup section */

/* Begin PBXNativeTarget section */
		2047B0CF26C6B4EF003B7E64 /* HW_9 (Caching with Realm) */ = {
			isa = PBXNativeTarget;
			buildConfigurationList = 2047B0FA26C6B4F1003B7E64 /* Build configuration list for PBXNativeTarget "HW_9 (Caching with Realm)" */;
			buildPhases = (
				4F9E2FABFE94557DC70BFA29 /* [CP] Check Pods Manifest.lock */,
				2047B0CC26C6B4EF003B7E64 /* Sources */,
				2047B0CD26C6B4EF003B7E64 /* Frameworks */,
				2047B0CE26C6B4EF003B7E64 /* Resources */,
				8903E651FB30B8F413EAD6D0 /* [CP] Embed Pods Frameworks */,
			);
			buildRules = (
			);
			dependencies = (
			);
			name = "HW_9 (Caching with Realm)";
			productName = "HW_9 (Caching with Realm)";
			productReference = 2047B0D026C6B4EF003B7E64 /* HW_9 (Caching with Realm).app */;
			productType = "com.apple.product-type.application";
		};
		2047B0E526C6B4F1003B7E64 /* HW_9 (Caching with Realm)Tests */ = {
			isa = PBXNativeTarget;
			buildConfigurationList = 2047B0FD26C6B4F1003B7E64 /* Build configuration list for PBXNativeTarget "HW_9 (Caching with Realm)Tests" */;
			buildPhases = (
				2047B0E226C6B4F1003B7E64 /* Sources */,
				2047B0E326C6B4F1003B7E64 /* Frameworks */,
				2047B0E426C6B4F1003B7E64 /* Resources */,
			);
			buildRules = (
			);
			dependencies = (
				2047B0E826C6B4F1003B7E64 /* PBXTargetDependency */,
			);
			name = "HW_9 (Caching with Realm)Tests";
			productName = "HW_9 (Caching with Realm)Tests";
			productReference = 2047B0E626C6B4F1003B7E64 /* HW_9 (Caching with Realm)Tests.xctest */;
			productType = "com.apple.product-type.bundle.unit-test";
		};
		2047B0F026C6B4F1003B7E64 /* HW_9 (Caching with Realm)UITests */ = {
			isa = PBXNativeTarget;
			buildConfigurationList = 2047B10026C6B4F1003B7E64 /* Build configuration list for PBXNativeTarget "HW_9 (Caching with Realm)UITests" */;
			buildPhases = (
				2047B0ED26C6B4F1003B7E64 /* Sources */,
				2047B0EE26C6B4F1003B7E64 /* Frameworks */,
				2047B0EF26C6B4F1003B7E64 /* Resources */,
			);
			buildRules = (
			);
			dependencies = (
				2047B0F326C6B4F1003B7E64 /* PBXTargetDependency */,
			);
			name = "HW_9 (Caching with Realm)UITests";
			productName = "HW_9 (Caching with Realm)UITests";
			productReference = 2047B0F126C6B4F1003B7E64 /* HW_9 (Caching with Realm)UITests.xctest */;
			productType = "com.apple.product-type.bundle.ui-testing";
		};
/* End PBXNativeTarget section */

/* Begin PBXProject section */
		2047B0C826C6B4EE003B7E64 /* Project object */ = {
			isa = PBXProject;
			attributes = {
				LastSwiftUpdateCheck = 1250;
				LastUpgradeCheck = 1250;
				TargetAttributes = {
					2047B0CF26C6B4EF003B7E64 = {
						CreatedOnToolsVersion = 12.5.1;
					};
					2047B0E526C6B4F1003B7E64 = {
						CreatedOnToolsVersion = 12.5.1;
						TestTargetID = 2047B0CF26C6B4EF003B7E64;
					};
					2047B0F026C6B4F1003B7E64 = {
						CreatedOnToolsVersion = 12.5.1;
						TestTargetID = 2047B0CF26C6B4EF003B7E64;
					};
				};
			};
			buildConfigurationList = 2047B0CB26C6B4EF003B7E64 /* Build configuration list for PBXProject "HW_9 (Caching with Realm)" */;
			compatibilityVersion = "Xcode 9.3";
			developmentRegion = en;
			hasScannedForEncodings = 0;
			knownRegions = (
				en,
				Base,
			);
			mainGroup = 2047B0C726C6B4EE003B7E64;
			productRefGroup = 2047B0D126C6B4EF003B7E64 /* Products */;
			projectDirPath = "";
			projectRoot = "";
			targets = (
				2047B0CF26C6B4EF003B7E64 /* HW_9 (Caching with Realm) */,
				2047B0E526C6B4F1003B7E64 /* HW_9 (Caching with Realm)Tests */,
				2047B0F026C6B4F1003B7E64 /* HW_9 (Caching with Realm)UITests */,
			);
		};
/* End PBXProject section */

/* Begin PBXResourcesBuildPhase section */
		2047B0CE26C6B4EF003B7E64 /* Resources */ = {
			isa = PBXResourcesBuildPhase;
			buildActionMask = 2147483647;
			files = (
				2047B0E026C6B4F0003B7E64 /* LaunchScreen.storyboard in Resources */,
				2047B0DD26C6B4F0003B7E64 /* Assets.xcassets in Resources */,
				2047B0DB26C6B4EF003B7E64 /* Main.storyboard in Resources */,
			);
			runOnlyForDeploymentPostprocessing = 0;
		};
		2047B0E426C6B4F1003B7E64 /* Resources */ = {
			isa = PBXResourcesBuildPhase;
			buildActionMask = 2147483647;
			files = (
			);
			runOnlyForDeploymentPostprocessing = 0;
		};
		2047B0EF26C6B4F1003B7E64 /* Resources */ = {
			isa = PBXResourcesBuildPhase;
			buildActionMask = 2147483647;
			files = (
			);
			runOnlyForDeploymentPostprocessing = 0;
		};
/* End PBXResourcesBuildPhase section */

/* Begin PBXShellScriptBuildPhase section */
		4F9E2FABFE94557DC70BFA29 /* [CP] Check Pods Manifest.lock */ = {
			isa = PBXShellScriptBuildPhase;
			buildActionMask = 2147483647;
			files = (
			);
			inputFileListPaths = (
			);
			inputPaths = (
				"${PODS_PODFILE_DIR_PATH}/Podfile.lock",
				"${PODS_ROOT}/Manifest.lock",
			);
			name = "[CP] Check Pods Manifest.lock";
			outputFileListPaths = (
			);
			outputPaths = (
				"$(DERIVED_FILE_DIR)/Pods-HW_9 (Caching with Realm)-checkManifestLockResult.txt",
			);
			runOnlyForDeploymentPostprocessing = 0;
			shellPath = /bin/sh;
			shellScript = "diff \"${PODS_PODFILE_DIR_PATH}/Podfile.lock\" \"${PODS_ROOT}/Manifest.lock\" > /dev/null\nif [ $? != 0 ] ; then\n    # print error to STDERR\n    echo \"error: The sandbox is not in sync with the Podfile.lock. Run 'pod install' or update your CocoaPods installation.\" >&2\n    exit 1\nfi\n# This output is used by Xcode 'outputs' to avoid re-running this script phase.\necho \"SUCCESS\" > \"${SCRIPT_OUTPUT_FILE_0}\"\n";
			showEnvVarsInLog = 0;
		};
		8903E651FB30B8F413EAD6D0 /* [CP] Embed Pods Frameworks */ = {
			isa = PBXShellScriptBuildPhase;
			buildActionMask = 2147483647;
			files = (
			);
			inputFileListPaths = (
				"${PODS_ROOT}/Target Support Files/Pods-HW_9 (Caching with Realm)/Pods-HW_9 (Caching with Realm)-frameworks-${CONFIGURATION}-input-files.xcfilelist",
			);
			name = "[CP] Embed Pods Frameworks";
			outputFileListPaths = (
				"${PODS_ROOT}/Target Support Files/Pods-HW_9 (Caching with Realm)/Pods-HW_9 (Caching with Realm)-frameworks-${CONFIGURATION}-output-files.xcfilelist",
			);
			runOnlyForDeploymentPostprocessing = 0;
			shellPath = /bin/sh;
			shellScript = "\"${PODS_ROOT}/Target Support Files/Pods-HW_9 (Caching with Realm)/Pods-HW_9 (Caching with Realm)-frameworks.sh\"\n";
			showEnvVarsInLog = 0;
		};
/* End PBXShellScriptBuildPhase section */

/* Begin PBXSourcesBuildPhase section */
		2047B0CC26C6B4EF003B7E64 /* Sources */ = {
			isa = PBXSourcesBuildPhase;
			buildActionMask = 2147483647;
			files = (
				2047B10726C6B634003B7E64 /* URLs.swift in Sources */,
				2047B10F26C6B6C4003B7E64 /* ViewModel.swift in Sources */,
				2047B0D826C6B4EF003B7E64 /* ViewController.swift in Sources */,
				200A098926F6641900D2F60B /* ReturnInfoModels.swift in Sources */,
				200A098726F6628E00D2F60B /* RemoveWeatherFuncs.swift in Sources */,
				200A099026F667CE00D2F60B /* ChangeURLs.swift in Sources */,
				2047B0D426C6B4EF003B7E64 /* AppDelegate.swift in Sources */,
				200A097F26F660CB00D2F60B /* CurrentWeatherStrust.swift in Sources */,
				200A098526F6623000D2F60B /* ForecastWeatherObj.swift in Sources */,
				200A09A226F71DD200D2F60B /* LoadEmptyInfo.swift in Sources */,
				2047B10D26C6B692003B7E64 /* ForecastLoader.swift in Sources */,
				200A098326F6620700D2F60B /* CurrentWeatherObj.swift in Sources */,
				2047B11326C6B71B003B7E64 /* WeatherCollectionViewCellAlam.swift in Sources */,
				2047B11526C6B93F003B7E64 /* SaveRealmWeather.swift in Sources */,
				200A098126F6612300D2F60B /* ForecastWeatherStruct.swift in Sources */,
				2047B11126C6B6EF003B7E64 /* WeatherAlamofireTableViewCell.swift in Sources */,
				2047B10526C6B616003B7E64 /* Alerts.swift in Sources */,
				2047B10926C6B655003B7E64 /* LoadingStruct.swift in Sources */,
				2047B0D626C6B4EF003B7E64 /* SceneDelegate.swift in Sources */,
				2047B10B26C6B678003B7E64 /* CurrentLoader.swift in Sources */,
			);
			runOnlyForDeploymentPostprocessing = 0;
		};
		2047B0E226C6B4F1003B7E64 /* Sources */ = {
			isa = PBXSourcesBuildPhase;
			buildActionMask = 2147483647;
			files = (
				2047B0EB26C6B4F1003B7E64 /* HW_9__Caching_with_Realm_Tests.swift in Sources */,
			);
			runOnlyForDeploymentPostprocessing = 0;
		};
		2047B0ED26C6B4F1003B7E64 /* Sources */ = {
			isa = PBXSourcesBuildPhase;
			buildActionMask = 2147483647;
			files = (
				2047B0F626C6B4F1003B7E64 /* HW_9__Caching_with_Realm_UITests.swift in Sources */,
			);
			runOnlyForDeploymentPostprocessing = 0;
		};
/* End PBXSourcesBuildPhase section */

/* Begin PBXTargetDependency section */
		2047B0E826C6B4F1003B7E64 /* PBXTargetDependency */ = {
			isa = PBXTargetDependency;
			target = 2047B0CF26C6B4EF003B7E64 /* HW_9 (Caching with Realm) */;
			targetProxy = 2047B0E726C6B4F1003B7E64 /* PBXContainerItemProxy */;
		};
		2047B0F326C6B4F1003B7E64 /* PBXTargetDependency */ = {
			isa = PBXTargetDependency;
			target = 2047B0CF26C6B4EF003B7E64 /* HW_9 (Caching with Realm) */;
			targetProxy = 2047B0F226C6B4F1003B7E64 /* PBXContainerItemProxy */;
		};
/* End PBXTargetDependency section */

/* Begin PBXVariantGroup section */
		2047B0D926C6B4EF003B7E64 /* Main.storyboard */ = {
			isa = PBXVariantGroup;
			children = (
				2047B0DA26C6B4EF003B7E64 /* Base */,
			);
			name = Main.storyboard;
			sourceTree = "<group>";
		};
		2047B0DE26C6B4F0003B7E64 /* LaunchScreen.storyboard */ = {
			isa = PBXVariantGroup;
			children = (
				2047B0DF26C6B4F0003B7E64 /* Base */,
			);
			name = LaunchScreen.storyboard;
			sourceTree = "<group>";
		};
/* End PBXVariantGroup section */

/* Begin XCBuildConfiguration section */
		2047B0F826C6B4F1003B7E64 /* Debug */ = {
			isa = XCBuildConfiguration;
			buildSettings = {
				ALWAYS_SEARCH_USER_PATHS = NO;
				CLANG_ANALYZER_NONNULL = YES;
				CLANG_ANALYZER_NUMBER_OBJECT_CONVERSION = YES_AGGRESSIVE;
				CLANG_CXX_LANGUAGE_STANDARD = "gnu++14";
				CLANG_CXX_LIBRARY = "libc++";
				CLANG_ENABLE_MODULES = YES;
				CLANG_ENABLE_OBJC_ARC = YES;
				CLANG_ENABLE_OBJC_WEAK = YES;
				CLANG_WARN_BLOCK_CAPTURE_AUTORELEASING = YES;
				CLANG_WARN_BOOL_CONVERSION = YES;
				CLANG_WARN_COMMA = YES;
				CLANG_WARN_CONSTANT_CONVERSION = YES;
				CLANG_WARN_DEPRECATED_OBJC_IMPLEMENTATIONS = YES;
				CLANG_WARN_DIRECT_OBJC_ISA_USAGE = YES_ERROR;
				CLANG_WARN_DOCUMENTATION_COMMENTS = YES;
				CLANG_WARN_EMPTY_BODY = YES;
				CLANG_WARN_ENUM_CONVERSION = YES;
				CLANG_WARN_INFINITE_RECURSION = YES;
				CLANG_WARN_INT_CONVERSION = YES;
				CLANG_WARN_NON_LITERAL_NULL_CONVERSION = YES;
				CLANG_WARN_OBJC_IMPLICIT_RETAIN_SELF = YES;
				CLANG_WARN_OBJC_LITERAL_CONVERSION = YES;
				CLANG_WARN_OBJC_ROOT_CLASS = YES_ERROR;
				CLANG_WARN_QUOTED_INCLUDE_IN_FRAMEWORK_HEADER = YES;
				CLANG_WARN_RANGE_LOOP_ANALYSIS = YES;
				CLANG_WARN_STRICT_PROTOTYPES = YES;
				CLANG_WARN_SUSPICIOUS_MOVE = YES;
				CLANG_WARN_UNGUARDED_AVAILABILITY = YES_AGGRESSIVE;
				CLANG_WARN_UNREACHABLE_CODE = YES;
				CLANG_WARN__DUPLICATE_METHOD_MATCH = YES;
				COPY_PHASE_STRIP = NO;
				DEBUG_INFORMATION_FORMAT = dwarf;
				ENABLE_STRICT_OBJC_MSGSEND = YES;
				ENABLE_TESTABILITY = YES;
				GCC_C_LANGUAGE_STANDARD = gnu11;
				GCC_DYNAMIC_NO_PIC = NO;
				GCC_NO_COMMON_BLOCKS = YES;
				GCC_OPTIMIZATION_LEVEL = 0;
				GCC_PREPROCESSOR_DEFINITIONS = (
					"DEBUG=1",
					"$(inherited)",
				);
				GCC_WARN_64_TO_32_BIT_CONVERSION = YES;
				GCC_WARN_ABOUT_RETURN_TYPE = YES_ERROR;
				GCC_WARN_UNDECLARED_SELECTOR = YES;
				GCC_WARN_UNINITIALIZED_AUTOS = YES_AGGRESSIVE;
				GCC_WARN_UNUSED_FUNCTION = YES;
				GCC_WARN_UNUSED_VARIABLE = YES;
				IPHONEOS_DEPLOYMENT_TARGET = 14.5;
				MTL_ENABLE_DEBUG_INFO = INCLUDE_SOURCE;
				MTL_FAST_MATH = YES;
				ONLY_ACTIVE_ARCH = YES;
				SDKROOT = iphoneos;
				SWIFT_ACTIVE_COMPILATION_CONDITIONS = DEBUG;
				SWIFT_OPTIMIZATION_LEVEL = "-Onone";
			};
			name = Debug;
		};
		2047B0F926C6B4F1003B7E64 /* Release */ = {
			isa = XCBuildConfiguration;
			buildSettings = {
				ALWAYS_SEARCH_USER_PATHS = NO;
				CLANG_ANALYZER_NONNULL = YES;
				CLANG_ANALYZER_NUMBER_OBJECT_CONVERSION = YES_AGGRESSIVE;
				CLANG_CXX_LANGUAGE_STANDARD = "gnu++14";
				CLANG_CXX_LIBRARY = "libc++";
				CLANG_ENABLE_MODULES = YES;
				CLANG_ENABLE_OBJC_ARC = YES;
				CLANG_ENABLE_OBJC_WEAK = YES;
				CLANG_WARN_BLOCK_CAPTURE_AUTORELEASING = YES;
				CLANG_WARN_BOOL_CONVERSION = YES;
				CLANG_WARN_COMMA = YES;
				CLANG_WARN_CONSTANT_CONVERSION = YES;
				CLANG_WARN_DEPRECATED_OBJC_IMPLEMENTATIONS = YES;
				CLANG_WARN_DIRECT_OBJC_ISA_USAGE = YES_ERROR;
				CLANG_WARN_DOCUMENTATION_COMMENTS = YES;
				CLANG_WARN_EMPTY_BODY = YES;
				CLANG_WARN_ENUM_CONVERSION = YES;
				CLANG_WARN_INFINITE_RECURSION = YES;
				CLANG_WARN_INT_CONVERSION = YES;
				CLANG_WARN_NON_LITERAL_NULL_CONVERSION = YES;
				CLANG_WARN_OBJC_IMPLICIT_RETAIN_SELF = YES;
				CLANG_WARN_OBJC_LITERAL_CONVERSION = YES;
				CLANG_WARN_OBJC_ROOT_CLASS = YES_ERROR;
				CLANG_WARN_QUOTED_INCLUDE_IN_FRAMEWORK_HEADER = YES;
				CLANG_WARN_RANGE_LOOP_ANALYSIS = YES;
				CLANG_WARN_STRICT_PROTOTYPES = YES;
				CLANG_WARN_SUSPICIOUS_MOVE = YES;
				CLANG_WARN_UNGUARDED_AVAILABILITY = YES_AGGRESSIVE;
				CLANG_WARN_UNREACHABLE_CODE = YES;
				CLANG_WARN__DUPLICATE_METHOD_MATCH = YES;
				COPY_PHASE_STRIP = NO;
				DEBUG_INFORMATION_FORMAT = "dwarf-with-dsym";
				ENABLE_NS_ASSERTIONS = NO;
				ENABLE_STRICT_OBJC_MSGSEND = YES;
				GCC_C_LANGUAGE_STANDARD = gnu11;
				GCC_NO_COMMON_BLOCKS = YES;
				GCC_WARN_64_TO_32_BIT_CONVERSION = YES;
				GCC_WARN_ABOUT_RETURN_TYPE = YES_ERROR;
				GCC_WARN_UNDECLARED_SELECTOR = YES;
				GCC_WARN_UNINITIALIZED_AUTOS = YES_AGGRESSIVE;
				GCC_WARN_UNUSED_FUNCTION = YES;
				GCC_WARN_UNUSED_VARIABLE = YES;
				IPHONEOS_DEPLOYMENT_TARGET = 14.5;
				MTL_ENABLE_DEBUG_INFO = NO;
				MTL_FAST_MATH = YES;
				SDKROOT = iphoneos;
				SWIFT_COMPILATION_MODE = wholemodule;
				SWIFT_OPTIMIZATION_LEVEL = "-O";
				VALIDATE_PRODUCT = YES;
			};
			name = Release;
		};
		2047B0FB26C6B4F1003B7E64 /* Debug */ = {
			isa = XCBuildConfiguration;
			baseConfigurationReference = DE37890C5E113748B869AF02 /* Pods-HW_9 (Caching with Realm).debug.xcconfig */;
			buildSettings = {
				ASSETCATALOG_COMPILER_APPICON_NAME = AppIcon;
				ASSETCATALOG_COMPILER_GLOBAL_ACCENT_COLOR_NAME = AccentColor;
				CODE_SIGN_STYLE = Automatic;
				DEVELOPMENT_TEAM = 22UF6659H5;
				INFOPLIST_FILE = "HW_9 (Caching with Realm)/Info.plist";
				LD_RUNPATH_SEARCH_PATHS = (
					"$(inherited)",
					"@executable_path/Frameworks",
				);
				PRODUCT_BUNDLE_IDENTIFIER = "lior.HW-9--Caching-with-Realm-";
				PRODUCT_NAME = "$(TARGET_NAME)";
				SWIFT_VERSION = 5.0;
				TARGETED_DEVICE_FAMILY = "1,2";
			};
			name = Debug;
		};
		2047B0FC26C6B4F1003B7E64 /* Release */ = {
			isa = XCBuildConfiguration;
			baseConfigurationReference = E325160C01692D4969180AF4 /* Pods-HW_9 (Caching with Realm).release.xcconfig */;
			buildSettings = {
				ASSETCATALOG_COMPILER_APPICON_NAME = AppIcon;
				ASSETCATALOG_COMPILER_GLOBAL_ACCENT_COLOR_NAME = AccentColor;
				CODE_SIGN_STYLE = Automatic;
				DEVELOPMENT_TEAM = 22UF6659H5;
				INFOPLIST_FILE = "HW_9 (Caching with Realm)/Info.plist";
				LD_RUNPATH_SEARCH_PATHS = (
					"$(inherited)",
					"@executable_path/Frameworks",
				);
				PRODUCT_BUNDLE_IDENTIFIER = "lior.HW-9--Caching-with-Realm-";
				PRODUCT_NAME = "$(TARGET_NAME)";
				SWIFT_VERSION = 5.0;
				TARGETED_DEVICE_FAMILY = "1,2";
			};
			name = Release;
		};
		2047B0FE26C6B4F1003B7E64 /* Debug */ = {
			isa = XCBuildConfiguration;
			buildSettings = {
				ALWAYS_EMBED_SWIFT_STANDARD_LIBRARIES = YES;
				BUNDLE_LOADER = "$(TEST_HOST)";
				CODE_SIGN_STYLE = Automatic;
				DEVELOPMENT_TEAM = 22UF6659H5;
				INFOPLIST_FILE = "HW_9 (Caching with Realm)Tests/Info.plist";
				IPHONEOS_DEPLOYMENT_TARGET = 14.5;
				LD_RUNPATH_SEARCH_PATHS = (
					"$(inherited)",
					"@executable_path/Frameworks",
					"@loader_path/Frameworks",
				);
				PRODUCT_BUNDLE_IDENTIFIER = "lior.HW-9--Caching-with-Realm-Tests";
				PRODUCT_NAME = "$(TARGET_NAME)";
				SWIFT_VERSION = 5.0;
				TARGETED_DEVICE_FAMILY = "1,2";
				TEST_HOST = "$(BUILT_PRODUCTS_DIR)/HW_9 (Caching with Realm).app/HW_9 (Caching with Realm)";
			};
			name = Debug;
		};
		2047B0FF26C6B4F1003B7E64 /* Release */ = {
			isa = XCBuildConfiguration;
			buildSettings = {
				ALWAYS_EMBED_SWIFT_STANDARD_LIBRARIES = YES;
				BUNDLE_LOADER = "$(TEST_HOST)";
				CODE_SIGN_STYLE = Automatic;
				DEVELOPMENT_TEAM = 22UF6659H5;
				INFOPLIST_FILE = "HW_9 (Caching with Realm)Tests/Info.plist";
				IPHONEOS_DEPLOYMENT_TARGET = 14.5;
				LD_RUNPATH_SEARCH_PATHS = (
					"$(inherited)",
					"@executable_path/Frameworks",
					"@loader_path/Frameworks",
				);
				PRODUCT_BUNDLE_IDENTIFIER = "lior.HW-9--Caching-with-Realm-Tests";
				PRODUCT_NAME = "$(TARGET_NAME)";
				SWIFT_VERSION = 5.0;
				TARGETED_DEVICE_FAMILY = "1,2";
				TEST_HOST = "$(BUILT_PRODUCTS_DIR)/HW_9 (Caching with Realm).app/HW_9 (Caching with Realm)";
			};
			name = Release;
		};
		2047B10126C6B4F1003B7E64 /* Debug */ = {
			isa = XCBuildConfiguration;
			buildSettings = {
				ALWAYS_EMBED_SWIFT_STANDARD_LIBRARIES = YES;
				CODE_SIGN_STYLE = Automatic;
				DEVELOPMENT_TEAM = 22UF6659H5;
				INFOPLIST_FILE = "HW_9 (Caching with Realm)UITests/Info.plist";
				LD_RUNPATH_SEARCH_PATHS = (
					"$(inherited)",
					"@executable_path/Frameworks",
					"@loader_path/Frameworks",
				);
				PRODUCT_BUNDLE_IDENTIFIER = "lior.HW-9--Caching-with-Realm-UITests";
				PRODUCT_NAME = "$(TARGET_NAME)";
				SWIFT_VERSION = 5.0;
				TARGETED_DEVICE_FAMILY = "1,2";
				TEST_TARGET_NAME = "HW_9 (Caching with Realm)";
			};
			name = Debug;
		};
		2047B10226C6B4F1003B7E64 /* Release */ = {
			isa = XCBuildConfiguration;
			buildSettings = {
				ALWAYS_EMBED_SWIFT_STANDARD_LIBRARIES = YES;
				CODE_SIGN_STYLE = Automatic;
				DEVELOPMENT_TEAM = 22UF6659H5;
				INFOPLIST_FILE = "HW_9 (Caching with Realm)UITests/Info.plist";
				LD_RUNPATH_SEARCH_PATHS = (
					"$(inherited)",
					"@executable_path/Frameworks",
					"@loader_path/Frameworks",
				);
				PRODUCT_BUNDLE_IDENTIFIER = "lior.HW-9--Caching-with-Realm-UITests";
				PRODUCT_NAME = "$(TARGET_NAME)";
				SWIFT_VERSION = 5.0;
				TARGETED_DEVICE_FAMILY = "1,2";
				TEST_TARGET_NAME = "HW_9 (Caching with Realm)";
			};
			name = Release;
		};
/* End XCBuildConfiguration section */

/* Begin XCConfigurationList section */
		2047B0CB26C6B4EF003B7E64 /* Build configuration list for PBXProject "HW_9 (Caching with Realm)" */ = {
			isa = XCConfigurationList;
			buildConfigurations = (
				2047B0F826C6B4F1003B7E64 /* Debug */,
				2047B0F926C6B4F1003B7E64 /* Release */,
			);
			defaultConfigurationIsVisible = 0;
			defaultConfigurationName = Release;
		};
		2047B0FA26C6B4F1003B7E64 /* Build configuration list for PBXNativeTarget "HW_9 (Caching with Realm)" */ = {
			isa = XCConfigurationList;
			buildConfigurations = (
				2047B0FB26C6B4F1003B7E64 /* Debug */,
				2047B0FC26C6B4F1003B7E64 /* Release */,
			);
			defaultConfigurationIsVisible = 0;
			defaultConfigurationName = Release;
		};
		2047B0FD26C6B4F1003B7E64 /* Build configuration list for PBXNativeTarget "HW_9 (Caching with Realm)Tests" */ = {
			isa = XCConfigurationList;
			buildConfigurations = (
				2047B0FE26C6B4F1003B7E64 /* Debug */,
				2047B0FF26C6B4F1003B7E64 /* Release */,
			);
			defaultConfigurationIsVisible = 0;
			defaultConfigurationName = Release;
		};
		2047B10026C6B4F1003B7E64 /* Build configuration list for PBXNativeTarget "HW_9 (Caching with Realm)UITests" */ = {
			isa = XCConfigurationList;
			buildConfigurations = (
				2047B10126C6B4F1003B7E64 /* Debug */,
				2047B10226C6B4F1003B7E64 /* Release */,
			);
			defaultConfigurationIsVisible = 0;
			defaultConfigurationName = Release;
		};
/* End XCConfigurationList section */
	};
	rootObject = 2047B0C826C6B4EE003B7E64 /* Project object */;
}
